Microsoft Visual Studio Solution File, Format Version 12.00
# Visual Studio Version 17
VisualStudioVersion = 17.5.2.0
MinimumVisualStudioVersion = 10.0.40219.1
Project("{FAE04EC0-301F-11D3-BF4B-00C04F79EFBC}") = "MyFirstApi", "MyFirstApi\MyFirstApi.csproj", "{B94AF8E5-F5D8-440C-A5D6-40CD3ABC44E3}"
EndProject
Global
	GlobalSection(SolutionConfigurationPlatforms) = preSolution
		Debug|Any CPU = Debug|Any CPU
		Release|Any CPU = Release|Any CPU
	EndGlobalSection
	GlobalSection(ProjectConfigurationPlatforms) = postSolution
		{45F75552-7C1B-A03B-D43B-1129F270063E}.Debug|Any CPU.ActiveCfg = Debug|Any CPU
		{45F75552-7C1B-A03B-D43B-1129F270063E}.Debug|Any CPU.Build.0 = Debug|Any CPU
		{45F75552-7C1B-A03B-D43B-1129F270063E}.Release|Any CPU.ActiveCfg = Release|Any CPU
		{45F75552-7C1B-A03B-D43B-1129F270063E}.Release|Any CPU.Build.0 = Release|Any CPU
		{B94AF8E5-F5D8-440C-A5D6-40CD3ABC44E3}.Debug|Any CPU.ActiveCfg = Debug|Any CPU
		{B94AF8E5-F5D8-440C-A5D6-40CD3ABC44E3}.Debug|Any CPU.Build.0 = Debug|Any CPU
		{B94AF8E5-F5D8-440C-A5D6-40CD3ABC44E3}.Release|Any CPU.ActiveCfg = Release|Any CPU
		{B94AF8E5-F5D8-440C-A5D6-40CD3ABC44E3}.Release|Any CPU.Build.0 = Release|Any CPU
	EndGlobalSection
	GlobalSection(SolutionProperties) = preSolution
		HideSolutionNode = FALSE
	EndGlobalSection
	GlobalSection(ExtensibilityGlobals) = postSolution
		SolutionGuid = {CF6D4176-D3E4-48D1-AF58-4B71DDED0499}
	EndGlobalSection
EndGlobal
